// !$*UTF8*$!
{
	archiveVersion = 1;
	classes = {
	};
	objectVersion = 46;
	objects = {

/* Begin PBXBuildFile section */
		110838511A7EA1F100AA52F4 /* AppDelegate.swift in Sources */ = {isa = PBXBuildFile; fileRef = 110838501A7EA1F100AA52F4 /* AppDelegate.swift */; };
		110838531A7EA1F100AA52F4 /* ViewController.swift in Sources */ = {isa = PBXBuildFile; fileRef = 110838521A7EA1F100AA52F4 /* ViewController.swift */; };
		110838561A7EA1F100AA52F4 /* Main.storyboard in Resources */ = {isa = PBXBuildFile; fileRef = 110838541A7EA1F100AA52F4 /* Main.storyboard */; };
		110838581A7EA1F100AA52F4 /* Images.xcassets in Resources */ = {isa = PBXBuildFile; fileRef = 110838571A7EA1F100AA52F4 /* Images.xcassets */; };
		1108385B1A7EA1F100AA52F4 /* LaunchScreen.xib in Resources */ = {isa = PBXBuildFile; fileRef = 110838591A7EA1F100AA52F4 /* LaunchScreen.xib */; };
		110838671A7EA1F100AA52F4 /* tipfuTests.swift in Sources */ = {isa = PBXBuildFile; fileRef = 110838661A7EA1F100AA52F4 /* tipfuTests.swift */; };
/* End PBXBuildFile section */

/* Begin PBXContainerItemProxy section */
		110838611A7EA1F100AA52F4 /* PBXContainerItemProxy */ = {
			isa = PBXContainerItemProxy;
			containerPortal = 110838431A7EA1F100AA52F4 /* Project object */;
			proxyType = 1;
			remoteGlobalIDString = 1108384A1A7EA1F100AA52F4;
			remoteInfo = tipfu;
		};
/* End PBXContainerItemProxy section */

/* Begin PBXFileReference section */
		1108384B1A7EA1F100AA52F4 /* tipfu.app */ = {isa = PBXFileReference; explicitFileType = wrapper.application; includeInIndex = 0; path = tipfu.app; sourceTree = BUILT_PRODUCTS_DIR; };
		1108384F1A7EA1F100AA52F4 /* Info.plist */ = {isa = PBXFileReference; lastKnownFileType = text.plist.xml; path = Info.plist; sourceTree = "<group>"; };
		110838501A7EA1F100AA52F4 /* AppDelegate.swift */ = {isa = PBXFileReference; lastKnownFileType = sourcecode.swift; path = AppDelegate.swift; sourceTree = "<group>"; };
		110838521A7EA1F100AA52F4 /* ViewController.swift */ = {isa = PBXFileReference; lastKnownFileType = sourcecode.swift; path = ViewController.swift; sourceTree = "<group>"; };
		110838551A7EA1F100AA52F4 /* Base */ = {isa = PBXFileReference; lastKnownFileType = file.storyboard; name = Base; path = Base.lproj/Main.storyboard; sourceTree = "<group>"; };
		110838571A7EA1F100AA52F4 /* Images.xcassets */ = {isa = PBXFileReference; lastKnownFileType = folder.assetcatalog; path = Images.xcassets; sourceTree = "<group>"; };
		1108385A1A7EA1F100AA52F4 /* Base */ = {isa = PBXFileReference; lastKnownFileType = file.xib; name = Base; path = Base.lproj/LaunchScreen.xib; sourceTree = "<group>"; };
		110838601A7EA1F100AA52F4 /* tipfuTests.xctest */ = {isa = PBXFileReference; explicitFileType = wrapper.cfbundle; includeInIndex = 0; path = tipfuTests.xctest; sourceTree = BUILT_PRODUCTS_DIR; };
		110838651A7EA1F100AA52F4 /* Info.plist */ = {isa = PBXFileReference; lastKnownFileType = text.plist.xml; path = Info.plist; sourceTree = "<group>"; };
		110838661A7EA1F100AA52F4 /* tipfuTests.swift */ = {isa = PBXFileReference; lastKnownFileType = sourcecode.swift; path = tipfuTests.swift; sourceTree = "<group>"; };
/* End PBXFileReference section */

/* Begin PBXFrameworksBuildPhase section */
		110838481A7EA1F100AA52F4 /* Frameworks */ = {
			isa = PBXFrameworksBuildPhase;
			buildActionMask = 2147483647;
			files = (
			);
			runOnlyForDeploymentPostprocessing = 0;
		};
		1108385D1A7EA1F100AA52F4 /* Frameworks */ = {
			isa = PBXFrameworksBuildPhase;
			buildActionMask = 2147483647;
			files = (
			);
			runOnlyForDeploymentPostprocessing = 0;
		};
/* End PBXFrameworksBuildPhase section */

/* Begin PBXGroup section */
		110838421A7EA1F100AA52F4 = {
			isa = PBXGroup;
			children = (
				1108384D1A7EA1F100AA52F4 /* tipfu */,
				110838631A7EA1F100AA52F4 /* tipfuTests */,
				1108384C1A7EA1F100AA52F4 /* Products */,
			);
			sourceTree = "<group>";
		};
		1108384C1A7EA1F100AA52F4 /* Products */ = {
			isa = PBXGroup;
			children = (
				1108384B1A7EA1F100AA52F4 /* tipfu.app */,
				110838601A7EA1F100AA52F4 /* tipfuTests.xctest */,
			);
			name = Products;
			sourceTree = "<group>";
		};
		1108384D1A7EA1F100AA52F4 /* tipfu */ = {
			isa = PBXGroup;
			children = (
				110838501A7EA1F100AA52F4 /* AppDelegate.swift */,
				110838521A7EA1F100AA52F4 /* ViewController.swift */,
				110838541A7EA1F100AA52F4 /* Main.storyboard */,
				110838571A7EA1F100AA52F4 /* Images.xcassets */,
				110838591A7EA1F100AA52F4 /* LaunchScreen.xib */,
				1108384E1A7EA1F100AA52F4 /* Supporting Files */,
			);
			path = tipfu;
			sourceTree = "<group>";
		};
		1108384E1A7EA1F100AA52F4 /* Supporting Files */ = {
			isa = PBXGroup;
			children = (
				1108384F1A7EA1F100AA52F4 /* Info.plist */,
			);
			name = "Supporting Files";
			sourceTree = "<group>";
		};
		110838631A7EA1F100AA52F4 /* tipfuTests */ = {
			isa = PBXGroup;
			children = (
				110838661A7EA1F100AA52F4 /* tipfuTests.swift */,
				110838641A7EA1F100AA52F4 /* Supporting Files */,
			);
			path = tipfuTests;
			sourceTree = "<group>";
		};
		110838641A7EA1F100AA52F4 /* Supporting Files */ = {
			isa = PBXGroup;
			children = (
				110838651A7EA1F100AA52F4 /* Info.plist */,
			);
			name = "Supporting Files";
			sourceTree = "<group>";
		};
/* End PBXGroup section */

/* Begin PBXNativeTarget section */
		1108384A1A7EA1F100AA52F4 /* tipfu */ = {
			isa = PBXNativeTarget;
			buildConfigurationList = 1108386A1A7EA1F100AA52F4 /* Build configuration list for PBXNativeTarget "tipfu" */;
			buildPhases = (
				110838471A7EA1F100AA52F4 /* Sources */,
				110838481A7EA1F100AA52F4 /* Frameworks */,
				110838491A7EA1F100AA52F4 /* Resources */,
			);
			buildRules = (
			);
			dependencies = (
			);
			name = tipfu;
			productName = tipfu;
			productReference = 1108384B1A7EA1F100AA52F4 /* tipfu.app */;
			productType = "com.apple.product-type.application";
		};
		1108385F1A7EA1F100AA52F4 /* tipfuTests */ = {
			isa = PBXNativeTarget;
			buildConfigurationList = 1108386D1A7EA1F100AA52F4 /* Build configuration list for PBXNativeTarget "tipfuTests" */;
			buildPhases = (
				1108385C1A7EA1F100AA52F4 /* Sources */,
				1108385D1A7EA1F100AA52F4 /* Frameworks */,
				1108385E1A7EA1F100AA52F4 /* Resources */,
			);
			buildRules = (
			);
			dependencies = (
				110838621A7EA1F100AA52F4 /* PBXTargetDependency */,
			);
			name = tipfuTests;
			productName = tipfuTests;
			productReference = 110838601A7EA1F100AA52F4 /* tipfuTests.xctest */;
			productType = "com.apple.product-type.bundle.unit-test";
		};
/* End PBXNativeTarget section */

/* Begin PBXProject section */
		110838431A7EA1F100AA52F4 /* Project object */ = {
			isa = PBXProject;
			attributes = {
				LastUpgradeCheck = 0610;
				ORGANIZATIONNAME = zd;
				TargetAttributes = {
					1108384A1A7EA1F100AA52F4 = {
						CreatedOnToolsVersion = 6.1.1;
					};
					1108385F1A7EA1F100AA52F4 = {
						CreatedOnToolsVersion = 6.1.1;
						TestTargetID = 1108384A1A7EA1F100AA52F4;
					};
				};
			};
			buildConfigurationList = 110838461A7EA1F100AA52F4 /* Build configuration list for PBXProject "tipfu" */;
			compatibilityVersion = "Xcode 3.2";
			developmentRegion = English;
			hasScannedForEncodings = 0;
			knownRegions = (
				en,
				Base,
			);
			mainGroup = 110838421A7EA1F100AA52F4;
			productRefGroup = 1108384C1A7EA1F100AA52F4 /* Products */;
			projectDirPath = "";
			projectRoot = "";
			targets = (
				1108384A1A7EA1F100AA52F4 /* tipfu */,
				1108385F1A7EA1F100AA52F4 /* tipfuTests */,
			);
		};
/* End PBXProject section */

/* Begin PBXResourcesBuildPhase section */
		110838491A7EA1F100AA52F4 /* Resources */ = {
			isa = PBXResourcesBuildPhase;
			buildActionMask = 2147483647;
			files = (
				110838561A7EA1F100AA52F4 /* Main.storyboard in Resources */,
				1108385B1A7EA1F100AA52F4 /* LaunchScreen.xib in Resources */,
				110838581A7EA1F100AA52F4 /* Images.xcassets in Resources */,
			);
			runOnlyForDeploymentPostprocessing = 0;
		};
		1108385E1A7EA1F100AA52F4 /* Resources */ = {
			isa = PBXResourcesBuildPhase;
			buildActionMask = 2147483647;
			files = (
			);
			runOnlyForDeploymentPostprocessing = 0;
		};
/* End PBXResourcesBuildPhase section */

/* Begin PBXSourcesBuildPhase section */
		110838471A7EA1F100AA52F4 /* Sources */ = {
			isa = PBXSourcesBuildPhase;
			buildActionMask = 2147483647;
			files = (
				110838531A7EA1F100AA52F4 /* ViewController.swift in Sources */,
				110838511A7EA1F100AA52F4 /* AppDelegate.swift in Sources */,
			);
			runOnlyForDeploymentPostprocessing = 0;
		};
		1108385C1A7EA1F100AA52F4 /* Sources */ = {
			isa = PBXSourcesBuildPhase;
			buildActionMask = 2147483647;
			files = (
				110838671A7EA1F100AA52F4 /* tipfuTests.swift in Sources */,
			);
			runOnlyForDeploymentPostprocessing = 0;
		};
/* End PBXSourcesBuildPhase section */

/* Begin PBXTargetDependency section */
		110838621A7EA1F100AA52F4 /* PBXTargetDependency */ = {
			isa = PBXTargetDependency;
			target = 1108384A1A7EA1F100AA52F4 /* tipfu */;
			targetProxy = 110838611A7EA1F100AA52F4 /* PBXContainerItemProxy */;
		};
/* End PBXTargetDependency section */

/* Begin PBXVariantGroup section */
		110838541A7EA1F100AA52F4 /* Main.storyboard */ = {
			isa = PBXVariantGroup;
			children = (
				110838551A7EA1F100AA52F4 /* Base */,
			);
			name = Main.storyboard;
			sourceTree = "<group>";
		};
		110838591A7EA1F100AA52F4 /* LaunchScreen.xib */ = {
			isa = PBXVariantGroup;
			children = (
				1108385A1A7EA1F100AA52F4 /* Base */,
			);
			name = LaunchScreen.xib;
			sourceTree = "<group>";
		};
/* End PBXVariantGroup section */

/* Begin XCBuildConfiguration section */
		110838681A7EA1F100AA52F4 /* Debug */ = {
			isa = XCBuildConfiguration;
			buildSettings = {
				ALWAYS_SEARCH_USER_PATHS = NO;
				CLANG_CXX_LANGUAGE_STANDARD = "gnu++0x";
				CLANG_CXX_LIBRARY = "libc++";
				CLANG_ENABLE_MODULES = YES;
				CLANG_ENABLE_OBJC_ARC = YES;
				CLANG_WARN_BOOL_CONVERSION = YES;
				CLANG_WARN_CONSTANT_CONVERSION = YES;
				CLANG_WARN_DIRECT_OBJC_ISA_USAGE = YES_ERROR;
				CLANG_WARN_EMPTY_BODY = YES;
				CLANG_WARN_ENUM_CONVERSION = YES;
				CLANG_WARN_INT_CONVERSION = YES;
				CLANG_WARN_OBJC_ROOT_CLASS = YES_ERROR;
				CLANG_WARN_UNREACHABLE_CODE = YES;
				CLANG_WARN__DUPLICATE_METHOD_MATCH = YES;
				"CODE_SIGN_IDENTITY[sdk=iphoneos*]" = "iPhone Developer";
				COPY_PHASE_STRIP = NO;
				ENABLE_STRICT_OBJC_MSGSEND = YES;
				GCC_C_LANGUAGE_STANDARD = gnu99;
				GCC_DYNAMIC_NO_PIC = NO;
				GCC_OPTIMIZATION_LEVEL = 0;
				GCC_PREPROCESSOR_DEFINITIONS = (
					"DEBUG=1",
					"$(inherited)",
				);
				GCC_SYMBOLS_PRIVATE_EXTERN = NO;
				GCC_WARN_64_TO_32_BIT_CONVERSION = YES;
				GCC_WARN_ABOUT_RETURN_TYPE = YES_ERROR;
				GCC_WARN_UNDECLARED_SELECTOR = YES;
				GCC_WARN_UNINITIALIZED_AUTOS = YES_AGGRESSIVE;
				GCC_WARN_UNUSED_FUNCTION = YES;
				GCC_WARN_UNUSED_VARIABLE = YES;
				IPHONEOS_DEPLOYMENT_TARGET = 8.1;
				MTL_ENABLE_DEBUG_INFO = YES;
				ONLY_ACTIVE_ARCH = YES;
				SDKROOT = iphoneos;
				SWIFT_OPTIMIZATION_LEVEL = "-Onone";
			};
			name = Debug;
		};
		110838691A7EA1F100AA52F4 /* Release */ = {
			isa = XCBuildConfiguration;
			buildSettings = {
				ALWAYS_SEARCH_USER_PATHS = NO;
				CLANG_CXX_LANGUAGE_STANDARD = "gnu++0x";
				CLANG_CXX_LIBRARY = "libc++";
				CLANG_ENABLE_MODULES = YES;
				CLANG_ENABLE_OBJC_ARC = YES;
				CLANG_WARN_BOOL_CONVERSION = YES;
				CLANG_WARN_CONSTANT_CONVERSION = YES;
				CLANG_WARN_DIRECT_OBJC_ISA_USAGE = YES_ERROR;
				CLANG_WARN_EMPTY_BODY = YES;
				CLANG_WARN_ENUM_CONVERSION = YES;
				CLANG_WARN_INT_CONVERSION = YES;
				CLANG_WARN_OBJC_ROOT_CLASS = YES_ERROR;
				CLANG_WARN_UNREACHABLE_CODE = YES;
				CLANG_WARN__DUPLICATE_METHOD_MATCH = YES;
				"CODE_SIGN_IDENTITY[sdk=iphoneos*]" = "iPhone Developer";
				COPY_PHASE_STRIP = YES;
				ENABLE_NS_ASSERTIONS = NO;
				ENABLE_STRICT_OBJC_MSGSEND = YES;
				GCC_C_LANGUAGE_STANDARD = gnu99;
				GCC_WARN_64_TO_32_BIT_CONVERSION = YES;
				GCC_WARN_ABOUT_RETURN_TYPE = YES_ERROR;
				GCC_WARN_UNDECLARED_SELECTOR = YES;
				GCC_WARN_UNINITIALIZED_AUTOS = YES_AGGRESSIVE;
				GCC_WARN_UNUSED_FUNCTION = YES;
				GCC_WARN_UNUSED_VARIABLE = YES;
				IPHONEOS_DEPLOYMENT_TARGET = 8.1;
				MTL_ENABLE_DEBUG_INFO = NO;
				SDKROOT = iphoneos;
				VALIDATE_PRODUCT = YES;
			};
			name = Release;
		};
		1108386B1A7EA1F100AA52F4 /* Debug */ = {
			isa = XCBuildConfiguration;
			buildSettings = {
				ASSETCATALOG_COMPILER_APPICON_NAME = AppIcon;
				INFOPLIST_FILE = tipfu/Info.plist;
				LD_RUNPATH_SEARCH_PATHS = "$(inherited) @executable_path/Frameworks";
				PRODUCT_NAME = "$(TARGET_NAME)";
			};
			name = Debug;
		};
		1108386C1A7EA1F100AA52F4 /* Release */ = {
			isa = XCBuildConfiguration;
			buildSettings = {
				ASSETCATALOG_COMPILER_APPICON_NAME = AppIcon;
				INFOPLIST_FILE = tipfu/Info.plist;
				LD_RUNPATH_SEARCH_PATHS = "$(inherited) @executable_path/Frameworks";
				PRODUCT_NAME = "$(TARGET_NAME)";
			};
			name = Release;
		};
		1108386E1A7EA1F100AA52F4 /* Debug */ = {
			isa = XCBuildConfiguration;
			buildSettings = {
				BUNDLE_LOADER = "$(TEST_HOST)";
				FRAMEWORK_SEARCH_PATHS = (
					"$(SDKROOT)/Developer/Library/Frameworks",
					"$(inherited)",
				);
				GCC_PREPROCESSOR_DEFINITIONS = (
					"DEBUG=1",
					"$(inherited)",
				);
				INFOPLIST_FILE = tipfuTests/Info.plist;
				LD_RUNPATH_SEARCH_PATHS = "$(inherited) @executable_path/Frameworks @loader_path/Frameworks";
				PRODUCT_NAME = "$(TARGET_NAME)";
				TEST_HOST = "$(BUILT_PRODUCTS_DIR)/tipfu.app/tipfu";
			};
			name = Debug;
		};
		1108386F1A7EA1F100AA52F4 /* Release */ = {
			isa = XCBuildConfiguration;
			buildSettings = {
				BUNDLE_LOADER = "$(TEST_HOST)";
				FRAMEWORK_SEARCH_PATHS = (
					"$(SDKROOT)/Developer/Library/Frameworks",
					"$(inherited)",
				);
				INFOPLIST_FILE = tipfuTests/Info.plist;
				LD_RUNPATH_SEARCH_PATHS = "$(inherited) @executable_path/Frameworks @loader_path/Frameworks";
				PRODUCT_NAME = "$(TARGET_NAME)";
				TEST_HOST = "$(BUILT_PRODUCTS_DIR)/tipfu.app/tipfu";
			};
			name = Release;
		};
/* End XCBuildConfiguration section */

/* Begin XCConfigurationList section */
		110838461A7EA1F100AA52F4 /* Build configuration list for PBXProject "tipfu" */ = {
			isa = XCConfigurationList;
			buildConfigurations = (
				110838681A7EA1F100AA52F4 /* Debug */,
				110838691A7EA1F100AA52F4 /* Release */,
			);
			defaultConfigurationIsVisible = 0;
			defaultConfigurationName = Release;
		};
		1108386A1A7EA1F100AA52F4 /* Build configuration list for PBXNativeTarget "tipfu" */ = {
			isa = XCConfigurationList;
			buildConfigurations = (
				1108386B1A7EA1F100AA52F4 /* Debug */,
				1108386C1A7EA1F100AA52F4 /* Release */,
			);
			defaultConfigurationIsVisible = 0;
		};
		1108386D1A7EA1F100AA52F4 /* Build configuration list for PBXNativeTarget "tipfuTests" */ = {
			isa = XCConfigurationList;
			buildConfigurations = (
				1108386E1A7EA1F100AA52F4 /* Debug */,
				1108386F1A7EA1F100AA52F4 /* Release */,
			);
			defaultConfigurationIsVisible = 0;
		};
/* End XCConfigurationList section */
	};
	rootObject = 110838431A7EA1F100AA52F4 /* Project object */;
}
